
Microsoft Visual Studio Solution File, Format Version 12.00
# Visual Studio 15
Project("{FAE04EC0-301F-11D3-BF4B-00C04F79EFBC}") = "OsRs.Tools.WebApi", "OsRs.Tools.WebApi\OsRs.Tools.WebApi.csproj", "{08D92D63-2916-45EE-A043-6BA5CB13C29E}"
EndProject
Global
	GlobalSection(SolutionConfigurationPlatforms) = preSolution
		Debug|Any CPU = Debug|Any CPU
		Release|Any CPU = Release|Any CPU
	EndGlobalSection
	GlobalSection(ProjectConfigurationPlatforms) = postSolution
		{08D92D63-2916-45EE-A043-6BA5CB13C29E}.Debug|Any CPU.ActiveCfg = Debug|Any CPU
		{08D92D63-2916-45EE-A043-6BA5CB13C29E}.Debug|Any CPU.Build.0 = Debug|Any CPU
		{08D92D63-2916-45EE-A043-6BA5CB13C29E}.Release|Any CPU.ActiveCfg = Release|Any CPU
		{08D92D63-2916-45EE-A043-6BA5CB13C29E}.Release|Any CPU.Build.0 = Release|Any CPU
	EndGlobalSection
EndGlobal
